
Microsoft Visual Studio Solution File, Format Version 12.00
# Visual Studio Version 17
VisualStudioVersion = 17.7.34009.444
MinimumVisualStudioVersion = 10.0.40219.1
Project("{9A19103F-16F7-4668-BE54-9A1E7A4F7556}") = "Shared", "Shared\Shared.csproj", "{76B674C8-A210-4487-A077-F17C914D24E9}"
EndProject
Project("{9A19103F-16F7-4668-BE54-9A1E7A4F7556}") = "Domain", "Domain\Domain.csproj", "{0A3D1EAE-73D3-4ED8-BC0B-FA9BCB755299}"
EndProject
Project("{9A19103F-16F7-4668-BE54-9A1E7A4F7556}") = "Application", "Application\Application.csproj", "{C7F4BF0D-FE80-460E-84D7-2FE375A20FF9}"
EndProject
Project("{FAE04EC0-301F-11D3-BF4B-00C04F79EFBC}") = "Infrastructure", "Infrastructure\Infrastructure.csproj", "{1E6EDC8B-759F-4AC1-BCBF-B346E106A128}"
EndProject
Project("{FAE04EC0-301F-11D3-BF4B-00C04F79EFBC}") = "Web", "Web\Web.csproj", "{D5118CE4-293E-49A8-820E-A6D2FD550D86}"
EndProject
Global
	GlobalSection(SolutionConfigurationPlatforms) = preSolution
		Debug|Any CPU = Debug|Any CPU
		Release|Any CPU = Release|Any CPU
	EndGlobalSection
	GlobalSection(ProjectConfigurationPlatforms) = postSolution
		{76B674C8-A210-4487-A077-F17C914D24E9}.Debug|Any CPU.ActiveCfg = Debug|Any CPU
		{76B674C8-A210-4487-A077-F17C914D24E9}.Debug|Any CPU.Build.0 = Debug|Any CPU
		{76B674C8-A210-4487-A077-F17C914D24E9}.Release|Any CPU.ActiveCfg = Release|Any CPU
		{76B674C8-A210-4487-A077-F17C914D24E9}.Release|Any CPU.Build.0 = Release|Any CPU
		{0A3D1EAE-73D3-4ED8-BC0B-FA9BCB755299}.Debug|Any CPU.ActiveCfg = Debug|Any CPU
		{0A3D1EAE-73D3-4ED8-BC0B-FA9BCB755299}.Debug|Any CPU.Build.0 = Debug|Any CPU
		{0A3D1EAE-73D3-4ED8-BC0B-FA9BCB755299}.Release|Any CPU.ActiveCfg = Release|Any CPU
		{0A3D1EAE-73D3-4ED8-BC0B-FA9BCB755299}.Release|Any CPU.Build.0 = Release|Any CPU
		{C7F4BF0D-FE80-460E-84D7-2FE375A20FF9}.Debug|Any CPU.ActiveCfg = Debug|Any CPU
		{C7F4BF0D-FE80-460E-84D7-2FE375A20FF9}.Debug|Any CPU.Build.0 = Debug|Any CPU
		{C7F4BF0D-FE80-460E-84D7-2FE375A20FF9}.Release|Any CPU.ActiveCfg = Release|Any CPU
		{C7F4BF0D-FE80-460E-84D7-2FE375A20FF9}.Release|Any CPU.Build.0 = Release|Any CPU
		{1E6EDC8B-759F-4AC1-BCBF-B346E106A128}.Debug|Any CPU.ActiveCfg = Debug|Any CPU
		{1E6EDC8B-759F-4AC1-BCBF-B346E106A128}.Debug|Any CPU.Build.0 = Debug|Any CPU
		{1E6EDC8B-759F-4AC1-BCBF-B346E106A128}.Release|Any CPU.ActiveCfg = Release|Any CPU
		{1E6EDC8B-759F-4AC1-BCBF-B346E106A128}.Release|Any CPU.Build.0 = Release|Any CPU
		{D5118CE4-293E-49A8-820E-A6D2FD550D86}.Debug|Any CPU.ActiveCfg = Debug|Any CPU
		{D5118CE4-293E-49A8-820E-A6D2FD550D86}.Debug|Any CPU.Build.0 = Debug|Any CPU
		{D5118CE4-293E-49A8-820E-A6D2FD550D86}.Release|Any CPU.ActiveCfg = Release|Any CPU
		{D5118CE4-293E-49A8-820E-A6D2FD550D86}.Release|Any CPU.Build.0 = Release|Any CPU
	EndGlobalSection
	GlobalSection(SolutionProperties) = preSolution
		HideSolutionNode = FALSE
	EndGlobalSection
	GlobalSection(ExtensibilityGlobals) = postSolution
		SolutionGuid = {7B5E3D2C-4945-4845-92AB-9CD0CF122AC1}
	EndGlobalSection
EndGlobal
